
Microsoft Visual Studio Solution File, Format Version 12.00
# Visual Studio Version 17
VisualStudioVersion = 17.1.32319.34
MinimumVisualStudioVersion = 10.0.40219.1
Project("{FAE04EC0-301F-11D3-BF4B-00C04F79EFBC}") = "ClassLibrary1", "ClassLibrary1\ClassLibrary1.csproj", "{D362E481-15EF-4678-84DB-4515C61C5FB8}"
EndProject
Project("{FAE04EC0-301F-11D3-BF4B-00C04F79EFBC}") = "FormaGeometrica.app", "FormaGeometrica.app\FormaGeometrica.app.csproj", "{5F9A51A9-DDC5-4FAF-980E-2CCA7D977226}"
EndProject
Global
	GlobalSection(SolutionConfigurationPlatforms) = preSolution
		Debug|Any CPU = Debug|Any CPU
		Release|Any CPU = Release|Any CPU
	EndGlobalSection
	GlobalSection(ProjectConfigurationPlatforms) = postSolution
		{D362E481-15EF-4678-84DB-4515C61C5FB8}.Debug|Any CPU.ActiveCfg = Debug|Any CPU
		{D362E481-15EF-4678-84DB-4515C61C5FB8}.Debug|Any CPU.Build.0 = Debug|Any CPU
		{D362E481-15EF-4678-84DB-4515C61C5FB8}.Release|Any CPU.ActiveCfg = Release|Any CPU
		{D362E481-15EF-4678-84DB-4515C61C5FB8}.Release|Any CPU.Build.0 = Release|Any CPU
		{5F9A51A9-DDC5-4FAF-980E-2CCA7D977226}.Debug|Any CPU.ActiveCfg = Debug|Any CPU
		{5F9A51A9-DDC5-4FAF-980E-2CCA7D977226}.Debug|Any CPU.Build.0 = Debug|Any CPU
		{5F9A51A9-DDC5-4FAF-980E-2CCA7D977226}.Release|Any CPU.ActiveCfg = Release|Any CPU
		{5F9A51A9-DDC5-4FAF-980E-2CCA7D977226}.Release|Any CPU.Build.0 = Release|Any CPU
	EndGlobalSection
	GlobalSection(SolutionProperties) = preSolution
		HideSolutionNode = FALSE
	EndGlobalSection
	GlobalSection(ExtensibilityGlobals) = postSolution
		SolutionGuid = {AE0CCC93-0BC8-4A83-92A1-AA4E1A1E04D8}
	EndGlobalSection
EndGlobal
