
Microsoft Visual Studio Solution File, Format Version 12.00
# Visual Studio Version 17
VisualStudioVersion = 17.1.32319.34
MinimumVisualStudioVersion = 10.0.40219.1
Project("{FAE04EC0-301F-11D3-BF4B-00C04F79EFBC}") = "Ex1", "Ex1\Ex1.csproj", "{6C118D12-20C7-42E3-B468-4A1FA836BDD5}"
EndProject
Project("{FAE04EC0-301F-11D3-BF4B-00C04F79EFBC}") = "Ex1.app", "Ex1.app\Ex1.app.csproj", "{B69CD34A-8333-47B6-8716-5EEEF2A7A808}"
EndProject
Global
	GlobalSection(SolutionConfigurationPlatforms) = preSolution
		Debug|Any CPU = Debug|Any CPU
		Release|Any CPU = Release|Any CPU
	EndGlobalSection
	GlobalSection(ProjectConfigurationPlatforms) = postSolution
		{6C118D12-20C7-42E3-B468-4A1FA836BDD5}.Debug|Any CPU.ActiveCfg = Debug|Any CPU
		{6C118D12-20C7-42E3-B468-4A1FA836BDD5}.Debug|Any CPU.Build.0 = Debug|Any CPU
		{6C118D12-20C7-42E3-B468-4A1FA836BDD5}.Release|Any CPU.ActiveCfg = Release|Any CPU
		{6C118D12-20C7-42E3-B468-4A1FA836BDD5}.Release|Any CPU.Build.0 = Release|Any CPU
		{B69CD34A-8333-47B6-8716-5EEEF2A7A808}.Debug|Any CPU.ActiveCfg = Debug|Any CPU
		{B69CD34A-8333-47B6-8716-5EEEF2A7A808}.Debug|Any CPU.Build.0 = Debug|Any CPU
		{B69CD34A-8333-47B6-8716-5EEEF2A7A808}.Release|Any CPU.ActiveCfg = Release|Any CPU
		{B69CD34A-8333-47B6-8716-5EEEF2A7A808}.Release|Any CPU.Build.0 = Release|Any CPU
	EndGlobalSection
	GlobalSection(SolutionProperties) = preSolution
		HideSolutionNode = FALSE
	EndGlobalSection
	GlobalSection(ExtensibilityGlobals) = postSolution
		SolutionGuid = {6830A2B5-75B7-4F5E-9ADE-60DF53A6CD9A}
	EndGlobalSection
EndGlobal
